
Microsoft Visual Studio Solution File, Format Version 12.00
# Visual Studio Version 17
VisualStudioVersion = 17.0.31903.59
MinimumVisualStudioVersion = 10.0.40219.1
Project("{FAE04EC0-301F-11D3-BF4B-00C04F79EFBC}") = "GuessingGame", "GuessingGame\GuessingGame.csproj", "{714BC540-28E0-40A6-8C25-23173A932C5A}"
EndProject
Project("{FAE04EC0-301F-11D3-BF4B-00C04F79EFBC}") = "GuessingGameTests", "GuessingGameTests\GuessingGameTests.csproj", "{2A7DD473-ADFB-4321-BE79-022C5D96F370}"
EndProject
Global
	GlobalSection(SolutionConfigurationPlatforms) = preSolution
		Debug|Any CPU = Debug|Any CPU
		Release|Any CPU = Release|Any CPU
	EndGlobalSection
	GlobalSection(SolutionProperties) = preSolution
		HideSolutionNode = FALSE
	EndGlobalSection
	GlobalSection(ProjectConfigurationPlatforms) = postSolution
		{4216878C-8FA5-4E97-B87A-1EDB9B2D4C70}.Debug|Any CPU.ActiveCfg = Debug|Any CPU
		{4216878C-8FA5-4E97-B87A-1EDB9B2D4C70}.Debug|Any CPU.Build.0 = Debug|Any CPU
		{4216878C-8FA5-4E97-B87A-1EDB9B2D4C70}.Release|Any CPU.ActiveCfg = Release|Any CPU
		{4216878C-8FA5-4E97-B87A-1EDB9B2D4C70}.Release|Any CPU.Build.0 = Release|Any CPU
		{9F433716-E07D-415F-AD9A-A86C0A8EA3A2}.Debug|Any CPU.ActiveCfg = Debug|Any CPU
		{9F433716-E07D-415F-AD9A-A86C0A8EA3A2}.Debug|Any CPU.Build.0 = Debug|Any CPU
		{9F433716-E07D-415F-AD9A-A86C0A8EA3A2}.Release|Any CPU.ActiveCfg = Release|Any CPU
		{9F433716-E07D-415F-AD9A-A86C0A8EA3A2}.Release|Any CPU.Build.0 = Release|Any CPU
		{AF53D87D-AF18-4887-B0CC-057C12281D77}.Debug|Any CPU.ActiveCfg = Debug|Any CPU
		{AF53D87D-AF18-4887-B0CC-057C12281D77}.Debug|Any CPU.Build.0 = Debug|Any CPU
		{AF53D87D-AF18-4887-B0CC-057C12281D77}.Release|Any CPU.ActiveCfg = Release|Any CPU
		{AF53D87D-AF18-4887-B0CC-057C12281D77}.Release|Any CPU.Build.0 = Release|Any CPU
		{714BC540-28E0-40A6-8C25-23173A932C5A}.Debug|Any CPU.ActiveCfg = Debug|Any CPU
		{714BC540-28E0-40A6-8C25-23173A932C5A}.Debug|Any CPU.Build.0 = Debug|Any CPU
		{714BC540-28E0-40A6-8C25-23173A932C5A}.Release|Any CPU.ActiveCfg = Release|Any CPU
		{714BC540-28E0-40A6-8C25-23173A932C5A}.Release|Any CPU.Build.0 = Release|Any CPU
		{2A7DD473-ADFB-4321-BE79-022C5D96F370}.Debug|Any CPU.ActiveCfg = Debug|Any CPU
		{2A7DD473-ADFB-4321-BE79-022C5D96F370}.Debug|Any CPU.Build.0 = Debug|Any CPU
		{2A7DD473-ADFB-4321-BE79-022C5D96F370}.Release|Any CPU.ActiveCfg = Release|Any CPU
		{2A7DD473-ADFB-4321-BE79-022C5D96F370}.Release|Any CPU.Build.0 = Release|Any CPU
	EndGlobalSection
EndGlobal
